
Microsoft Visual Studio Solution File, Format Version 12.00
# Visual Studio 15
Project("{FAE04EC0-301F-11D3-BF4B-00C04F79EFBC}") = "Assembly-CSharp", "Assembly-CSharp.csproj", "{0546D509-5045-55B4-5AF7-7C366210E7D1}"
EndProject
Project("{FAE04EC0-301F-11D3-BF4B-00C04F79EFBC}") = "Assembly-CSharp-firstpass", "Assembly-CSharp-firstpass.csproj", "{DC38E541-C9F0-BE29-2251-D447E1DD5A96}"
EndProject
Project("{FAE04EC0-301F-11D3-BF4B-00C04F79EFBC}") = "Assembly-CSharp-Editor", "Assembly-CSharp-Editor.csproj", "{18438F57-01A9-DEE2-7DE2-A2A847BC0F2E}"
EndProject
Project("{FAE04EC0-301F-11D3-BF4B-00C04F79EFBC}") = "Assembly-CSharp-Editor-firstpass", "Assembly-CSharp-Editor-firstpass.csproj", "{8D0208BD-086E-F84C-B9DB-D0442E5832F7}"
EndProject
Global
	GlobalSection(SolutionConfigurationPlatforms) = preSolution
		Debug|Any CPU = Debug|Any CPU
		Release|Any CPU = Release|Any CPU
	EndGlobalSection
	GlobalSection(ProjectConfigurationPlatforms) = postSolution
		{0546D509-5045-55B4-5AF7-7C366210E7D1}.Debug|Any CPU.ActiveCfg = Debug|Any CPU
		{0546D509-5045-55B4-5AF7-7C366210E7D1}.Debug|Any CPU.Build.0 = Debug|Any CPU
		{0546D509-5045-55B4-5AF7-7C366210E7D1}.Release|Any CPU.ActiveCfg = Release|Any CPU
		{0546D509-5045-55B4-5AF7-7C366210E7D1}.Release|Any CPU.Build.0 = Release|Any CPU
		{DC38E541-C9F0-BE29-2251-D447E1DD5A96}.Debug|Any CPU.ActiveCfg = Debug|Any CPU
		{DC38E541-C9F0-BE29-2251-D447E1DD5A96}.Debug|Any CPU.Build.0 = Debug|Any CPU
		{DC38E541-C9F0-BE29-2251-D447E1DD5A96}.Release|Any CPU.ActiveCfg = Release|Any CPU
		{DC38E541-C9F0-BE29-2251-D447E1DD5A96}.Release|Any CPU.Build.0 = Release|Any CPU
		{18438F57-01A9-DEE2-7DE2-A2A847BC0F2E}.Debug|Any CPU.ActiveCfg = Debug|Any CPU
		{18438F57-01A9-DEE2-7DE2-A2A847BC0F2E}.Debug|Any CPU.Build.0 = Debug|Any CPU
		{18438F57-01A9-DEE2-7DE2-A2A847BC0F2E}.Release|Any CPU.ActiveCfg = Release|Any CPU
		{18438F57-01A9-DEE2-7DE2-A2A847BC0F2E}.Release|Any CPU.Build.0 = Release|Any CPU
		{8D0208BD-086E-F84C-B9DB-D0442E5832F7}.Debug|Any CPU.ActiveCfg = Debug|Any CPU
		{8D0208BD-086E-F84C-B9DB-D0442E5832F7}.Debug|Any CPU.Build.0 = Debug|Any CPU
		{8D0208BD-086E-F84C-B9DB-D0442E5832F7}.Release|Any CPU.ActiveCfg = Release|Any CPU
		{8D0208BD-086E-F84C-B9DB-D0442E5832F7}.Release|Any CPU.Build.0 = Release|Any CPU
	EndGlobalSection
	GlobalSection(SolutionProperties) = preSolution
		HideSolutionNode = FALSE
	EndGlobalSection
EndGlobal
